
Microsoft Visual Studio Solution File, Format Version 12.00
# Visual Studio Version 17
VisualStudioVersion = 17.1.32319.34
MinimumVisualStudioVersion = 10.0.40219.1
Project("{FAE04EC0-301F-11D3-BF4B-00C04F79EFBC}") = "SingleResponsibilityPrinciple", "SingleResponsibilityPrinciple\SingleResponsibilityPrinciple.csproj", "{CD5F82D0-FBFA-4BFA-9495-BE1CD0D941B1}"
EndProject
Project("{FAE04EC0-301F-11D3-BF4B-00C04F79EFBC}") = "OpenClosedPrinciple", "OpenClosedPrinciple\OpenClosedPrinciple.csproj", "{872AA16F-8D6D-4361-8BE5-0D6AEC0B4D72}"
EndProject
Global
	GlobalSection(SolutionConfigurationPlatforms) = preSolution
		Debug|Any CPU = Debug|Any CPU
		Release|Any CPU = Release|Any CPU
	EndGlobalSection
	GlobalSection(ProjectConfigurationPlatforms) = postSolution
		{CD5F82D0-FBFA-4BFA-9495-BE1CD0D941B1}.Debug|Any CPU.ActiveCfg = Debug|Any CPU
		{CD5F82D0-FBFA-4BFA-9495-BE1CD0D941B1}.Debug|Any CPU.Build.0 = Debug|Any CPU
		{CD5F82D0-FBFA-4BFA-9495-BE1CD0D941B1}.Release|Any CPU.ActiveCfg = Release|Any CPU
		{CD5F82D0-FBFA-4BFA-9495-BE1CD0D941B1}.Release|Any CPU.Build.0 = Release|Any CPU
		{872AA16F-8D6D-4361-8BE5-0D6AEC0B4D72}.Debug|Any CPU.ActiveCfg = Debug|Any CPU
		{872AA16F-8D6D-4361-8BE5-0D6AEC0B4D72}.Debug|Any CPU.Build.0 = Debug|Any CPU
		{872AA16F-8D6D-4361-8BE5-0D6AEC0B4D72}.Release|Any CPU.ActiveCfg = Release|Any CPU
		{872AA16F-8D6D-4361-8BE5-0D6AEC0B4D72}.Release|Any CPU.Build.0 = Release|Any CPU
	EndGlobalSection
	GlobalSection(SolutionProperties) = preSolution
		HideSolutionNode = FALSE
	EndGlobalSection
	GlobalSection(ExtensibilityGlobals) = postSolution
		SolutionGuid = {892921B4-4F6F-4753-B78C-18930D4589BB}
	EndGlobalSection
EndGlobal
